{
	"name": "scripts",
	"version": "1.0.0",
	"lockfileVersion": 2,
	"requires": true,
	"packages": {
		"": {
			"name": "scripts",
			"version": "1.0.0",
			"license": "ISC",
			"dependencies": {
				"node-find-files": "^1.0.0"
			}
		},
		"node_modules/async": {
			"version": "0.2.6",
			"resolved": "https://registry.npmjs.org/async/-/async-0.2.6.tgz",
			"integrity": "sha1-rT83PZJJrjJIgVZVgryQ4VKrvWg="
		},
		"node_modules/node-find-files": {
			"version": "1.0.0",
			"resolved": "https://registry.npmjs.org/node-find-files/-/node-find-files-1.0.0.tgz",
			"integrity": "sha512-+ATfC2seHWLl4mrAviaKnCsyBb9e8eTpFJ/W2gJUsuTtbft00NoicOOPng3Z779wTekZZLXkzi6QXIhHJbsf6g==",
			"dependencies": {
				"async": "0.2.6"
			}
		}
	},
	"dependencies": {
		"async": {
			"version": "0.2.6",
			"resolved": "https://registry.npmjs.org/async/-/async-0.2.6.tgz",
			"integrity": "sha1-rT83PZJJrjJIgVZVgryQ4VKrvWg="
		},
		"node-find-files": {
			"version": "1.0.0",
			"resolved": "https://registry.npmjs.org/node-find-files/-/node-find-files-1.0.0.tgz",
			"integrity": "sha512-+ATfC2seHWLl4mrAviaKnCsyBb9e8eTpFJ/W2gJUsuTtbft00NoicOOPng3Z779wTekZZLXkzi6QXIhHJbsf6g==",
			"requires": {
				"async": "0.2.6"
			}
		}
	}
}
